
Microsoft Visual Studio Solution File, Format Version 12.00
# Visual Studio Version 16
VisualStudioVersion = 16.0.30204.135
MinimumVisualStudioVersion = 10.0.40219.1
Project("{FAE04EC0-301F-11D3-BF4B-00C04F79EFBC}") = "LocalizeableComponentModel", "LocalizeableComponentModel\LocalizeableComponentModel.csproj", "{108AF4DD-4AA5-4BD7-8E96-323CE0692039}"
EndProject
Global
	GlobalSection(SolutionConfigurationPlatforms) = preSolution
		Debug|Any CPU = Debug|Any CPU
		Release|Any CPU = Release|Any CPU
	EndGlobalSection
	GlobalSection(ProjectConfigurationPlatforms) = postSolution
		{108AF4DD-4AA5-4BD7-8E96-323CE0692039}.Debug|Any CPU.ActiveCfg = Debug|Any CPU
		{108AF4DD-4AA5-4BD7-8E96-323CE0692039}.Debug|Any CPU.Build.0 = Debug|Any CPU
		{108AF4DD-4AA5-4BD7-8E96-323CE0692039}.Release|Any CPU.ActiveCfg = Release|Any CPU
		{108AF4DD-4AA5-4BD7-8E96-323CE0692039}.Release|Any CPU.Build.0 = Release|Any CPU
	EndGlobalSection
	GlobalSection(SolutionProperties) = preSolution
		HideSolutionNode = FALSE
	EndGlobalSection
	GlobalSection(ExtensibilityGlobals) = postSolution
		SolutionGuid = {5485957F-27E9-4192-BC94-8272D52BBF2C}
	EndGlobalSection
EndGlobal
